{
  "nodes": {
    "nixpkgs": {
      "locked": {
        "lastModified": 1791594108,
        "narHash": "sha256-XK4KceonkwD8LuMAt/vNrz982mXJM5jeHAxMwsUXXAQ=",
        "owner": "nixos",
        "repo": "nixpkgs",
        "rev": "6510408d147d8c5e6d76043e899e9251756f6a75",
        "type": "github"
      },
      "original": {
        "owner": "nixos",
        "ref": "nixos-unstable",
        "repo": "nixpkgs",
        "type": "github"
      }
    },
    "root": {
      "inputs": {
        "nixpkgs": "nixpkgs",
        "serpantinum-wallpapers": "serpantinum-wallpapers"
      }
    },
    "serpantinum-wallpapers": {
      "flake": false,
      "locked": {
        "lastModified": 1789127588,
        "narHash": "sha256-L3xRtDXH1ERwVIP+ztT6qn7YYh3aHpfpy1/nvyjvKIc=",
        "owner": "ilyamiro",
        "repo": "shell-wallpapers",
        "rev": "4f5994aff60403f88d3f0378e6f9c9d0a00b0289",
        "type": "github"
      },
      "original": {
        "owner": "ilyamiro",
        "repo": "shell-wallpapers",
        "type": "github"
      }
    }
  },
  "root": "root",
  "version": 7
}
